
Microsoft Visual Studio Solution File, Format Version 12.00
# Visual Studio 15
VisualStudioVersion = 15.0.27428.2015
MinimumVisualStudioVersion = 10.0.40219.1
Project("{FAE04EC0-301F-11D3-BF4B-00C04F79EFBC}") = "AwsWrappers", "AwsWrappers\AwsWrappers.csproj", "{1A08B06F-339E-4E18-8E97-F44D2FBC674B}"
EndProject
Project("{FAE04EC0-301F-11D3-BF4B-00C04F79EFBC}") = "AwsWrappers.Contracts", "AwsWrappers.Contracts\AwsWrappers.Contracts.csproj", "{D8459C59-203C-4138-915D-3F6AD9FA1431}"
EndProject
Global
	GlobalSection(SolutionConfigurationPlatforms) = preSolution
		Debug|Any CPU = Debug|Any CPU
		Release|Any CPU = Release|Any CPU
	EndGlobalSection
	GlobalSection(ProjectConfigurationPlatforms) = postSolution
		{1A08B06F-339E-4E18-8E97-F44D2FBC674B}.Debug|Any CPU.ActiveCfg = Debug|Any CPU
		{1A08B06F-339E-4E18-8E97-F44D2FBC674B}.Debug|Any CPU.Build.0 = Debug|Any CPU
		{1A08B06F-339E-4E18-8E97-F44D2FBC674B}.Release|Any CPU.ActiveCfg = Release|Any CPU
		{1A08B06F-339E-4E18-8E97-F44D2FBC674B}.Release|Any CPU.Build.0 = Release|Any CPU
		{D8459C59-203C-4138-915D-3F6AD9FA1431}.Debug|Any CPU.ActiveCfg = Debug|Any CPU
		{D8459C59-203C-4138-915D-3F6AD9FA1431}.Debug|Any CPU.Build.0 = Debug|Any CPU
		{D8459C59-203C-4138-915D-3F6AD9FA1431}.Release|Any CPU.ActiveCfg = Release|Any CPU
		{D8459C59-203C-4138-915D-3F6AD9FA1431}.Release|Any CPU.Build.0 = Release|Any CPU
	EndGlobalSection
	GlobalSection(SolutionProperties) = preSolution
		HideSolutionNode = FALSE
	EndGlobalSection
	GlobalSection(ExtensibilityGlobals) = postSolution
		SolutionGuid = {A53FBEA1-EF3D-43CF-9B74-8875E847AA4D}
	EndGlobalSection
EndGlobal
